
Microsoft Visual Studio Solution File, Format Version 12.00
# Visual Studio Version 17
VisualStudioVersion = 17.3.32922.545
MinimumVisualStudioVersion = 10.0.40219.1
Project("{F184B08F-C81C-45F6-A57F-5ABD9991F28F}") = "homework2", "homework2\homework2.vbproj", "{8F0AD45C-D1A5-4B67-83B5-891E280FCBEE}"
EndProject
Global
	GlobalSection(SolutionConfigurationPlatforms) = preSolution
		Debug|Any CPU = Debug|Any CPU
		Release|Any CPU = Release|Any CPU
	EndGlobalSection
	GlobalSection(ProjectConfigurationPlatforms) = postSolution
		{8F0AD45C-D1A5-4B67-83B5-891E280FCBEE}.Debug|Any CPU.ActiveCfg = Debug|Any CPU
		{8F0AD45C-D1A5-4B67-83B5-891E280FCBEE}.Debug|Any CPU.Build.0 = Debug|Any CPU
		{8F0AD45C-D1A5-4B67-83B5-891E280FCBEE}.Release|Any CPU.ActiveCfg = Release|Any CPU
		{8F0AD45C-D1A5-4B67-83B5-891E280FCBEE}.Release|Any CPU.Build.0 = Release|Any CPU
	EndGlobalSection
	GlobalSection(SolutionProperties) = preSolution
		HideSolutionNode = FALSE
	EndGlobalSection
	GlobalSection(ExtensibilityGlobals) = postSolution
		SolutionGuid = {137EDDC3-6144-4AE0-B9A9-373F5D997791}
	EndGlobalSection
EndGlobal
