
Microsoft Visual Studio Solution File, Format Version 12.00
# Visual Studio Version 17
VisualStudioVersion = 17.3.32922.545
MinimumVisualStudioVersion = 10.0.40219.1
Project("{FAE04EC0-301F-11D3-BF4B-00C04F79EFBC}") = "homework 2 - parser2", "homework 2 - parser2\homework 2 - parser2.csproj", "{0464001E-9E20-4D91-871F-B3998C5FF2AE}"
EndProject
Project("{2150E333-8FDC-42A3-9474-1A3956D46DE8}") = "Solution Items", "Solution Items", "{78789D97-6A92-4AA0-8411-EA6A0F7D264B}"
	ProjectSection(SolutionItems) = preProject
		.editorconfig = .editorconfig
	EndProjectSection
EndProject
Global
	GlobalSection(SolutionConfigurationPlatforms) = preSolution
		Debug|Any CPU = Debug|Any CPU
		Release|Any CPU = Release|Any CPU
	EndGlobalSection
	GlobalSection(ProjectConfigurationPlatforms) = postSolution
		{0464001E-9E20-4D91-871F-B3998C5FF2AE}.Debug|Any CPU.ActiveCfg = Debug|Any CPU
		{0464001E-9E20-4D91-871F-B3998C5FF2AE}.Debug|Any CPU.Build.0 = Debug|Any CPU
		{0464001E-9E20-4D91-871F-B3998C5FF2AE}.Release|Any CPU.ActiveCfg = Release|Any CPU
		{0464001E-9E20-4D91-871F-B3998C5FF2AE}.Release|Any CPU.Build.0 = Release|Any CPU
	EndGlobalSection
	GlobalSection(SolutionProperties) = preSolution
		HideSolutionNode = FALSE
	EndGlobalSection
	GlobalSection(ExtensibilityGlobals) = postSolution
		SolutionGuid = {C56D8458-B6DA-4F35-8FBC-E3A1BEE8FAFE}
	EndGlobalSection
EndGlobal
